
Microsoft Visual Studio Solution File, Format Version 12.00
# Visual Studio Version 17
VisualStudioVersion = 17.5.002.0
MinimumVisualStudioVersion = 10.0.40219.1
Project("{9A19103F-16F7-4668-BE54-9A1E7A4F7556}") = "BikeMatrix.API", "BikeMatrix.API\BikeMatrix.API.csproj", "{92D8E61D-627B-41EE-A7C2-33F56B7B586D}"
EndProject
Global
	GlobalSection(SolutionConfigurationPlatforms) = preSolution
		Debug|Any CPU = Debug|Any CPU
		Release|Any CPU = Release|Any CPU
	EndGlobalSection
	GlobalSection(ProjectConfigurationPlatforms) = postSolution
		{92D8E61D-627B-41EE-A7C2-33F56B7B586D}.Debug|Any CPU.ActiveCfg = Debug|Any CPU
		{92D8E61D-627B-41EE-A7C2-33F56B7B586D}.Debug|Any CPU.Build.0 = Debug|Any CPU
		{92D8E61D-627B-41EE-A7C2-33F56B7B586D}.Release|Any CPU.ActiveCfg = Release|Any CPU
		{92D8E61D-627B-41EE-A7C2-33F56B7B586D}.Release|Any CPU.Build.0 = Release|Any CPU
	EndGlobalSection
	GlobalSection(SolutionProperties) = preSolution
		HideSolutionNode = FALSE
	EndGlobalSection
	GlobalSection(ExtensibilityGlobals) = postSolution
		SolutionGuid = {987851DC-A713-42DF-9599-D150C9F4443B}
	EndGlobalSection
EndGlobal
